// !$*UTF8*$!
{
	archiveVersion = 1;
	classes = {
	};
	objectVersion = 46;
	objects = {

/* Begin PBXBuildFile section */
		9B5CDBA01B6054A700549DDF /* AppDelegate.swift in Sources */ = {isa = PBXBuildFile; fileRef = 9B5CDB9F1B6054A700549DDF /* AppDelegate.swift */; };
		9B5CDBA21B6054A700549DDF /* ViewController.swift in Sources */ = {isa = PBXBuildFile; fileRef = 9B5CDBA11B6054A700549DDF /* ViewController.swift */; };
		9B5CDBA51B6054A700549DDF /* Main.storyboard in Resources */ = {isa = PBXBuildFile; fileRef = 9B5CDBA31B6054A700549DDF /* Main.storyboard */; };
		9B5CDBA71B6054A700549DDF /* Images.xcassets in Resources */ = {isa = PBXBuildFile; fileRef = 9B5CDBA61B6054A700549DDF /* Images.xcassets */; };
		9B5CDBAA1B6054A700549DDF /* LaunchScreen.xib in Resources */ = {isa = PBXBuildFile; fileRef = 9B5CDBA81B6054A700549DDF /* LaunchScreen.xib */; };
		9B5CDBB61B6054A800549DDF /* ShareSheetTests.swift in Sources */ = {isa = PBXBuildFile; fileRef = 9B5CDBB51B6054A800549DDF /* ShareSheetTests.swift */; };
/* End PBXBuildFile section */

/* Begin PBXContainerItemProxy section */
		9B5CDBB01B6054A800549DDF /* PBXContainerItemProxy */ = {
			isa = PBXContainerItemProxy;
			containerPortal = 9B5CDB921B6054A700549DDF /* Project object */;
			proxyType = 1;
			remoteGlobalIDString = 9B5CDB991B6054A700549DDF;
			remoteInfo = ShareSheet;
		};
/* End PBXContainerItemProxy section */

/* Begin PBXFileReference section */
		9B5CDB9A1B6054A700549DDF /* ShareSheet.app */ = {isa = PBXFileReference; explicitFileType = wrapper.application; includeInIndex = 0; path = ShareSheet.app; sourceTree = BUILT_PRODUCTS_DIR; };
		9B5CDB9E1B6054A700549DDF /* Info.plist */ = {isa = PBXFileReference; lastKnownFileType = text.plist.xml; path = Info.plist; sourceTree = "<group>"; };
		9B5CDB9F1B6054A700549DDF /* AppDelegate.swift */ = {isa = PBXFileReference; lastKnownFileType = sourcecode.swift; path = AppDelegate.swift; sourceTree = "<group>"; };
		9B5CDBA11B6054A700549DDF /* ViewController.swift */ = {isa = PBXFileReference; lastKnownFileType = sourcecode.swift; path = ViewController.swift; sourceTree = "<group>"; };
		9B5CDBA41B6054A700549DDF /* Base */ = {isa = PBXFileReference; lastKnownFileType = file.storyboard; name = Base; path = Base.lproj/Main.storyboard; sourceTree = "<group>"; };
		9B5CDBA61B6054A700549DDF /* Images.xcassets */ = {isa = PBXFileReference; lastKnownFileType = folder.assetcatalog; path = Images.xcassets; sourceTree = "<group>"; };
		9B5CDBA91B6054A700549DDF /* Base */ = {isa = PBXFileReference; lastKnownFileType = file.xib; name = Base; path = Base.lproj/LaunchScreen.xib; sourceTree = "<group>"; };
		9B5CDBAF1B6054A800549DDF /* ShareSheetTests.xctest */ = {isa = PBXFileReference; explicitFileType = wrapper.cfbundle; includeInIndex = 0; path = ShareSheetTests.xctest; sourceTree = BUILT_PRODUCTS_DIR; };
		9B5CDBB41B6054A800549DDF /* Info.plist */ = {isa = PBXFileReference; lastKnownFileType = text.plist.xml; path = Info.plist; sourceTree = "<group>"; };
		9B5CDBB51B6054A800549DDF /* ShareSheetTests.swift */ = {isa = PBXFileReference; lastKnownFileType = sourcecode.swift; path = ShareSheetTests.swift; sourceTree = "<group>"; };
/* End PBXFileReference section */

/* Begin PBXFrameworksBuildPhase section */
		9B5CDB971B6054A700549DDF /* Frameworks */ = {
			isa = PBXFrameworksBuildPhase;
			buildActionMask = 2147483647;
			files = (
			);
			runOnlyForDeploymentPostprocessing = 0;
		};
		9B5CDBAC1B6054A800549DDF /* Frameworks */ = {
			isa = PBXFrameworksBuildPhase;
			buildActionMask = 2147483647;
			files = (
			);
			runOnlyForDeploymentPostprocessing = 0;
		};
/* End PBXFrameworksBuildPhase section */

/* Begin PBXGroup section */
		9B5CDB911B6054A700549DDF = {
			isa = PBXGroup;
			children = (
				9B5CDB9C1B6054A700549DDF /* ShareSheet */,
				9B5CDBB21B6054A800549DDF /* ShareSheetTests */,
				9B5CDB9B1B6054A700549DDF /* Products */,
			);
			sourceTree = "<group>";
		};
		9B5CDB9B1B6054A700549DDF /* Products */ = {
			isa = PBXGroup;
			children = (
				9B5CDB9A1B6054A700549DDF /* ShareSheet.app */,
				9B5CDBAF1B6054A800549DDF /* ShareSheetTests.xctest */,
			);
			name = Products;
			sourceTree = "<group>";
		};
		9B5CDB9C1B6054A700549DDF /* ShareSheet */ = {
			isa = PBXGroup;
			children = (
				9B5CDB9F1B6054A700549DDF /* AppDelegate.swift */,
				9B5CDBA11B6054A700549DDF /* ViewController.swift */,
				9B5CDBA31B6054A700549DDF /* Main.storyboard */,
				9B5CDBA61B6054A700549DDF /* Images.xcassets */,
				9B5CDBA81B6054A700549DDF /* LaunchScreen.xib */,
				9B5CDB9D1B6054A700549DDF /* Supporting Files */,
			);
			path = ShareSheet;
			sourceTree = "<group>";
		};
		9B5CDB9D1B6054A700549DDF /* Supporting Files */ = {
			isa = PBXGroup;
			children = (
				9B5CDB9E1B6054A700549DDF /* Info.plist */,
			);
			name = "Supporting Files";
			sourceTree = "<group>";
		};
		9B5CDBB21B6054A800549DDF /* ShareSheetTests */ = {
			isa = PBXGroup;
			children = (
				9B5CDBB51B6054A800549DDF /* ShareSheetTests.swift */,
				9B5CDBB31B6054A800549DDF /* Supporting Files */,
			);
			path = ShareSheetTests;
			sourceTree = "<group>";
		};
		9B5CDBB31B6054A800549DDF /* Supporting Files */ = {
			isa = PBXGroup;
			children = (
				9B5CDBB41B6054A800549DDF /* Info.plist */,
			);
			name = "Supporting Files";
			sourceTree = "<group>";
		};
/* End PBXGroup section */

/* Begin PBXNativeTarget section */
		9B5CDB991B6054A700549DDF /* ShareSheet */ = {
			isa = PBXNativeTarget;
			buildConfigurationList = 9B5CDBB91B6054A800549DDF /* Build configuration list for PBXNativeTarget "ShareSheet" */;
			buildPhases = (
				9B5CDB961B6054A700549DDF /* Sources */,
				9B5CDB971B6054A700549DDF /* Frameworks */,
				9B5CDB981B6054A700549DDF /* Resources */,
			);
			buildRules = (
			);
			dependencies = (
			);
			name = ShareSheet;
			productName = ShareSheet;
			productReference = 9B5CDB9A1B6054A700549DDF /* ShareSheet.app */;
			productType = "com.apple.product-type.application";
		};
		9B5CDBAE1B6054A800549DDF /* ShareSheetTests */ = {
			isa = PBXNativeTarget;
			buildConfigurationList = 9B5CDBBC1B6054A800549DDF /* Build configuration list for PBXNativeTarget "ShareSheetTests" */;
			buildPhases = (
				9B5CDBAB1B6054A800549DDF /* Sources */,
				9B5CDBAC1B6054A800549DDF /* Frameworks */,
				9B5CDBAD1B6054A800549DDF /* Resources */,
			);
			buildRules = (
			);
			dependencies = (
				9B5CDBB11B6054A800549DDF /* PBXTargetDependency */,
			);
			name = ShareSheetTests;
			productName = ShareSheetTests;
			productReference = 9B5CDBAF1B6054A800549DDF /* ShareSheetTests.xctest */;
			productType = "com.apple.product-type.bundle.unit-test";
		};
/* End PBXNativeTarget section */

/* Begin PBXProject section */
		9B5CDB921B6054A700549DDF /* Project object */ = {
			isa = PBXProject;
			attributes = {
				LastUpgradeCheck = 0640;
				ORGANIZATIONNAME = Lapdog;
				TargetAttributes = {
					9B5CDB991B6054A700549DDF = {
						CreatedOnToolsVersion = 6.4;
					};
					9B5CDBAE1B6054A800549DDF = {
						CreatedOnToolsVersion = 6.4;
						TestTargetID = 9B5CDB991B6054A700549DDF;
					};
				};
			};
			buildConfigurationList = 9B5CDB951B6054A700549DDF /* Build configuration list for PBXProject "ShareSheet" */;
			compatibilityVersion = "Xcode 3.2";
			developmentRegion = English;
			hasScannedForEncodings = 0;
			knownRegions = (
				en,
				Base,
			);
			mainGroup = 9B5CDB911B6054A700549DDF;
			productRefGroup = 9B5CDB9B1B6054A700549DDF /* Products */;
			projectDirPath = "";
			projectRoot = "";
			targets = (
				9B5CDB991B6054A700549DDF /* ShareSheet */,
				9B5CDBAE1B6054A800549DDF /* ShareSheetTests */,
			);
		};
/* End PBXProject section */

/* Begin PBXResourcesBuildPhase section */
		9B5CDB981B6054A700549DDF /* Resources */ = {
			isa = PBXResourcesBuildPhase;
			buildActionMask = 2147483647;
			files = (
				9B5CDBA51B6054A700549DDF /* Main.storyboard in Resources */,
				9B5CDBAA1B6054A700549DDF /* LaunchScreen.xib in Resources */,
				9B5CDBA71B6054A700549DDF /* Images.xcassets in Resources */,
			);
			runOnlyForDeploymentPostprocessing = 0;
		};
		9B5CDBAD1B6054A800549DDF /* Resources */ = {
			isa = PBXResourcesBuildPhase;
			buildActionMask = 2147483647;
			files = (
			);
			runOnlyForDeploymentPostprocessing = 0;
		};
/* End PBXResourcesBuildPhase section */

/* Begin PBXSourcesBuildPhase section */
		9B5CDB961B6054A700549DDF /* Sources */ = {
			isa = PBXSourcesBuildPhase;
			buildActionMask = 2147483647;
			files = (
				9B5CDBA21B6054A700549DDF /* ViewController.swift in Sources */,
				9B5CDBA01B6054A700549DDF /* AppDelegate.swift in Sources */,
			);
			runOnlyForDeploymentPostprocessing = 0;
		};
		9B5CDBAB1B6054A800549DDF /* Sources */ = {
			isa = PBXSourcesBuildPhase;
			buildActionMask = 2147483647;
			files = (
				9B5CDBB61B6054A800549DDF /* ShareSheetTests.swift in Sources */,
			);
			runOnlyForDeploymentPostprocessing = 0;
		};
/* End PBXSourcesBuildPhase section */

/* Begin PBXTargetDependency section */
		9B5CDBB11B6054A800549DDF /* PBXTargetDependency */ = {
			isa = PBXTargetDependency;
			target = 9B5CDB991B6054A700549DDF /* ShareSheet */;
			targetProxy = 9B5CDBB01B6054A800549DDF /* PBXContainerItemProxy */;
		};
/* End PBXTargetDependency section */

/* Begin PBXVariantGroup section */
		9B5CDBA31B6054A700549DDF /* Main.storyboard */ = {
			isa = PBXVariantGroup;
			children = (
				9B5CDBA41B6054A700549DDF /* Base */,
			);
			name = Main.storyboard;
			sourceTree = "<group>";
		};
		9B5CDBA81B6054A700549DDF /* LaunchScreen.xib */ = {
			isa = PBXVariantGroup;
			children = (
				9B5CDBA91B6054A700549DDF /* Base */,
			);
			name = LaunchScreen.xib;
			sourceTree = "<group>";
		};
/* End PBXVariantGroup section */

/* Begin XCBuildConfiguration section */
		9B5CDBB71B6054A800549DDF /* Debug */ = {
			isa = XCBuildConfiguration;
			buildSettings = {
				ALWAYS_SEARCH_USER_PATHS = NO;
				CLANG_CXX_LANGUAGE_STANDARD = "gnu++0x";
				CLANG_CXX_LIBRARY = "libc++";
				CLANG_ENABLE_MODULES = YES;
				CLANG_ENABLE_OBJC_ARC = YES;
				CLANG_WARN_BOOL_CONVERSION = YES;
				CLANG_WARN_CONSTANT_CONVERSION = YES;
				CLANG_WARN_DIRECT_OBJC_ISA_USAGE = YES_ERROR;
				CLANG_WARN_EMPTY_BODY = YES;
				CLANG_WARN_ENUM_CONVERSION = YES;
				CLANG_WARN_INT_CONVERSION = YES;
				CLANG_WARN_OBJC_ROOT_CLASS = YES_ERROR;
				CLANG_WARN_UNREACHABLE_CODE = YES;
				CLANG_WARN__DUPLICATE_METHOD_MATCH = YES;
				"CODE_SIGN_IDENTITY[sdk=iphoneos*]" = "iPhone Developer";
				COPY_PHASE_STRIP = NO;
				DEBUG_INFORMATION_FORMAT = "dwarf-with-dsym";
				ENABLE_STRICT_OBJC_MSGSEND = YES;
				GCC_C_LANGUAGE_STANDARD = gnu99;
				GCC_DYNAMIC_NO_PIC = NO;
				GCC_NO_COMMON_BLOCKS = YES;
				GCC_OPTIMIZATION_LEVEL = 0;
				GCC_PREPROCESSOR_DEFINITIONS = (
					"DEBUG=1",
					"$(inherited)",
				);
				GCC_SYMBOLS_PRIVATE_EXTERN = NO;
				GCC_WARN_64_TO_32_BIT_CONVERSION = YES;
				GCC_WARN_ABOUT_RETURN_TYPE = YES_ERROR;
				GCC_WARN_UNDECLARED_SELECTOR = YES;
				GCC_WARN_UNINITIALIZED_AUTOS = YES_AGGRESSIVE;
				GCC_WARN_UNUSED_FUNCTION = YES;
				GCC_WARN_UNUSED_VARIABLE = YES;
				IPHONEOS_DEPLOYMENT_TARGET = 8.4;
				MTL_ENABLE_DEBUG_INFO = YES;
				ONLY_ACTIVE_ARCH = YES;
				SDKROOT = iphoneos;
				SWIFT_OPTIMIZATION_LEVEL = "-Onone";
				TARGETED_DEVICE_FAMILY = "1,2";
			};
			name = Debug;
		};
		9B5CDBB81B6054A800549DDF /* Release */ = {
			isa = XCBuildConfiguration;
			buildSettings = {
				ALWAYS_SEARCH_USER_PATHS = NO;
				CLANG_CXX_LANGUAGE_STANDARD = "gnu++0x";
				CLANG_CXX_LIBRARY = "libc++";
				CLANG_ENABLE_MODULES = YES;
				CLANG_ENABLE_OBJC_ARC = YES;
				CLANG_WARN_BOOL_CONVERSION = YES;
				CLANG_WARN_CONSTANT_CONVERSION = YES;
				CLANG_WARN_DIRECT_OBJC_ISA_USAGE = YES_ERROR;
				CLANG_WARN_EMPTY_BODY = YES;
				CLANG_WARN_ENUM_CONVERSION = YES;
				CLANG_WARN_INT_CONVERSION = YES;
				CLANG_WARN_OBJC_ROOT_CLASS = YES_ERROR;
				CLANG_WARN_UNREACHABLE_CODE = YES;
				CLANG_WARN__DUPLICATE_METHOD_MATCH = YES;
				"CODE_SIGN_IDENTITY[sdk=iphoneos*]" = "iPhone Developer";
				COPY_PHASE_STRIP = NO;
				DEBUG_INFORMATION_FORMAT = "dwarf-with-dsym";
				ENABLE_NS_ASSERTIONS = NO;
				ENABLE_STRICT_OBJC_MSGSEND = YES;
				GCC_C_LANGUAGE_STANDARD = gnu99;
				GCC_NO_COMMON_BLOCKS = YES;
				GCC_WARN_64_TO_32_BIT_CONVERSION = YES;
				GCC_WARN_ABOUT_RETURN_TYPE = YES_ERROR;
				GCC_WARN_UNDECLARED_SELECTOR = YES;
				GCC_WARN_UNINITIALIZED_AUTOS = YES_AGGRESSIVE;
				GCC_WARN_UNUSED_FUNCTION = YES;
				GCC_WARN_UNUSED_VARIABLE = YES;
				IPHONEOS_DEPLOYMENT_TARGET = 8.4;
				MTL_ENABLE_DEBUG_INFO = NO;
				SDKROOT = iphoneos;
				TARGETED_DEVICE_FAMILY = "1,2";
				VALIDATE_PRODUCT = YES;
			};
			name = Release;
		};
		9B5CDBBA1B6054A800549DDF /* Debug */ = {
			isa = XCBuildConfiguration;
			buildSettings = {
				ASSETCATALOG_COMPILER_APPICON_NAME = AppIcon;
				INFOPLIST_FILE = ShareSheet/Info.plist;
				LD_RUNPATH_SEARCH_PATHS = "$(inherited) @executable_path/Frameworks";
				PRODUCT_NAME = "$(TARGET_NAME)";
			};
			name = Debug;
		};
		9B5CDBBB1B6054A800549DDF /* Release */ = {
			isa = XCBuildConfiguration;
			buildSettings = {
				ASSETCATALOG_COMPILER_APPICON_NAME = AppIcon;
				INFOPLIST_FILE = ShareSheet/Info.plist;
				LD_RUNPATH_SEARCH_PATHS = "$(inherited) @executable_path/Frameworks";
				PRODUCT_NAME = "$(TARGET_NAME)";
			};
			name = Release;
		};
		9B5CDBBD1B6054A800549DDF /* Debug */ = {
			isa = XCBuildConfiguration;
			buildSettings = {
				BUNDLE_LOADER = "$(TEST_HOST)";
				FRAMEWORK_SEARCH_PATHS = (
					"$(SDKROOT)/Developer/Library/Frameworks",
					"$(inherited)",
				);
				GCC_PREPROCESSOR_DEFINITIONS = (
					"DEBUG=1",
					"$(inherited)",
				);
				INFOPLIST_FILE = ShareSheetTests/Info.plist;
				LD_RUNPATH_SEARCH_PATHS = "$(inherited) @executable_path/Frameworks @loader_path/Frameworks";
				PRODUCT_NAME = "$(TARGET_NAME)";
				TEST_HOST = "$(BUILT_PRODUCTS_DIR)/ShareSheet.app/ShareSheet";
			};
			name = Debug;
		};
		9B5CDBBE1B6054A800549DDF /* Release */ = {
			isa = XCBuildConfiguration;
			buildSettings = {
				BUNDLE_LOADER = "$(TEST_HOST)";
				FRAMEWORK_SEARCH_PATHS = (
					"$(SDKROOT)/Developer/Library/Frameworks",
					"$(inherited)",
				);
				INFOPLIST_FILE = ShareSheetTests/Info.plist;
				LD_RUNPATH_SEARCH_PATHS = "$(inherited) @executable_path/Frameworks @loader_path/Frameworks";
				PRODUCT_NAME = "$(TARGET_NAME)";
				TEST_HOST = "$(BUILT_PRODUCTS_DIR)/ShareSheet.app/ShareSheet";
			};
			name = Release;
		};
/* End XCBuildConfiguration section */

/* Begin XCConfigurationList section */
		9B5CDB951B6054A700549DDF /* Build configuration list for PBXProject "ShareSheet" */ = {
			isa = XCConfigurationList;
			buildConfigurations = (
				9B5CDBB71B6054A800549DDF /* Debug */,
				9B5CDBB81B6054A800549DDF /* Release */,
			);
			defaultConfigurationIsVisible = 0;
			defaultConfigurationName = Release;
		};
		9B5CDBB91B6054A800549DDF /* Build configuration list for PBXNativeTarget "ShareSheet" */ = {
			isa = XCConfigurationList;
			buildConfigurations = (
				9B5CDBBA1B6054A800549DDF /* Debug */,
				9B5CDBBB1B6054A800549DDF /* Release */,
			);
			defaultConfigurationIsVisible = 0;
		};
		9B5CDBBC1B6054A800549DDF /* Build configuration list for PBXNativeTarget "ShareSheetTests" */ = {
			isa = XCConfigurationList;
			buildConfigurations = (
				9B5CDBBD1B6054A800549DDF /* Debug */,
				9B5CDBBE1B6054A800549DDF /* Release */,
			);
			defaultConfigurationIsVisible = 0;
		};
/* End XCConfigurationList section */
	};
	rootObject = 9B5CDB921B6054A700549DDF /* Project object */;
}
